// !$*UTF8*$!
{
	archiveVersion = 1;
	classes = {
	};
	objectVersion = 50;
	objects = {

/* Begin PBXBuildFile section */
		8344699B25133A1E002BF2D0 /* AppDelegate.swift in Sources */ = {isa = PBXBuildFile; fileRef = 8344699A25133A1E002BF2D0 /* AppDelegate.swift */; };
		8344699D25133A1E002BF2D0 /* SceneDelegate.swift in Sources */ = {isa = PBXBuildFile; fileRef = 8344699C25133A1E002BF2D0 /* SceneDelegate.swift */; };
		834469A425133A1F002BF2D0 /* Assets.xcassets in Resources */ = {isa = PBXBuildFile; fileRef = 834469A325133A1F002BF2D0 /* Assets.xcassets */; };
		834469A725133A1F002BF2D0 /* LaunchScreen.storyboard in Resources */ = {isa = PBXBuildFile; fileRef = 834469A525133A1F002BF2D0 /* LaunchScreen.storyboard */; };
		834469B225133B97002BF2D0 /* Menu.plist in Resources */ = {isa = PBXBuildFile; fileRef = 834469B125133B97002BF2D0 /* Menu.plist */; };
		834469BB25135D14002BF2D0 /* NCMainVC.swift in Sources */ = {isa = PBXBuildFile; fileRef = 834469BA25135D14002BF2D0 /* NCMainVC.swift */; };
		834469C025135DAA002BF2D0 /* IBInspectable.swift in Sources */ = {isa = PBXBuildFile; fileRef = 834469BF25135DAA002BF2D0 /* IBInspectable.swift */; };
		834469C925136059002BF2D0 /* MDNC.storyboard in Resources */ = {isa = PBXBuildFile; fileRef = 834469C725136059002BF2D0 /* MDNC.storyboard */; };
		83446AA925149D1B002BF2D0 /* NCCategoryVC.swift in Sources */ = {isa = PBXBuildFile; fileRef = 83446AA825149D1B002BF2D0 /* NCCategoryVC.swift */; };
		83A9F6D3251DE6700014A16D /* NCMenuVC.swift in Sources */ = {isa = PBXBuildFile; fileRef = 83A9F6D2251DE6700014A16D /* NCMenuVC.swift */; };
		83ECD43A2514B05600FD08DB /* MDNCModel.swift in Sources */ = {isa = PBXBuildFile; fileRef = 83ECD4392514B05600FD08DB /* MDNCModel.swift */; };
/* End PBXBuildFile section */

/* Begin PBXFileReference section */
		8344699725133A1E002BF2D0 /* MDNC.app */ = {isa = PBXFileReference; explicitFileType = wrapper.application; includeInIndex = 0; path = MDNC.app; sourceTree = BUILT_PRODUCTS_DIR; };
		8344699A25133A1E002BF2D0 /* AppDelegate.swift */ = {isa = PBXFileReference; lastKnownFileType = sourcecode.swift; path = AppDelegate.swift; sourceTree = "<group>"; };
		8344699C25133A1E002BF2D0 /* SceneDelegate.swift */ = {isa = PBXFileReference; lastKnownFileType = sourcecode.swift; path = SceneDelegate.swift; sourceTree = "<group>"; };
		834469A325133A1F002BF2D0 /* Assets.xcassets */ = {isa = PBXFileReference; lastKnownFileType = folder.assetcatalog; path = Assets.xcassets; sourceTree = "<group>"; };
		834469A625133A1F002BF2D0 /* Base */ = {isa = PBXFileReference; lastKnownFileType = file.storyboard; name = Base; path = Base.lproj/LaunchScreen.storyboard; sourceTree = "<group>"; };
		834469A825133A1F002BF2D0 /* Info.plist */ = {isa = PBXFileReference; lastKnownFileType = text.plist.xml; path = Info.plist; sourceTree = "<group>"; };
		834469B125133B97002BF2D0 /* Menu.plist */ = {isa = PBXFileReference; fileEncoding = 4; lastKnownFileType = text.plist.xml; path = Menu.plist; sourceTree = "<group>"; };
		834469BA25135D14002BF2D0 /* NCMainVC.swift */ = {isa = PBXFileReference; lastKnownFileType = sourcecode.swift; path = NCMainVC.swift; sourceTree = "<group>"; };
		834469BF25135DAA002BF2D0 /* IBInspectable.swift */ = {isa = PBXFileReference; lastKnownFileType = sourcecode.swift; path = IBInspectable.swift; sourceTree = "<group>"; };
		834469C825136059002BF2D0 /* Base */ = {isa = PBXFileReference; lastKnownFileType = file.storyboard; name = Base; path = Base.lproj/MDNC.storyboard; sourceTree = "<group>"; };
		83446AA825149D1B002BF2D0 /* NCCategoryVC.swift */ = {isa = PBXFileReference; lastKnownFileType = sourcecode.swift; path = NCCategoryVC.swift; sourceTree = "<group>"; };
		83A9F6D2251DE6700014A16D /* NCMenuVC.swift */ = {isa = PBXFileReference; lastKnownFileType = sourcecode.swift; path = NCMenuVC.swift; sourceTree = "<group>"; };
		83ECD4392514B05600FD08DB /* MDNCModel.swift */ = {isa = PBXFileReference; lastKnownFileType = sourcecode.swift; path = MDNCModel.swift; sourceTree = "<group>"; };
/* End PBXFileReference section */

/* Begin PBXFrameworksBuildPhase section */
		8344699425133A1E002BF2D0 /* Frameworks */ = {
			isa = PBXFrameworksBuildPhase;
			buildActionMask = 2147483647;
			files = (
			);
			runOnlyForDeploymentPostprocessing = 0;
		};
/* End PBXFrameworksBuildPhase section */

/* Begin PBXGroup section */
		8344698E25133A1E002BF2D0 = {
			isa = PBXGroup;
			children = (
				8344699925133A1E002BF2D0 /* MDNC */,
				8344699825133A1E002BF2D0 /* Products */,
			);
			sourceTree = "<group>";
		};
		8344699825133A1E002BF2D0 /* Products */ = {
			isa = PBXGroup;
			children = (
				8344699725133A1E002BF2D0 /* MDNC.app */,
			);
			name = Products;
			sourceTree = "<group>";
		};
		8344699925133A1E002BF2D0 /* MDNC */ = {
			isa = PBXGroup;
			children = (
				834469A825133A1F002BF2D0 /* Info.plist */,
				834469A325133A1F002BF2D0 /* Assets.xcassets */,
				834469B625133C56002BF2D0 /* AppSupport */,
				834469B525133C21002BF2D0 /* Data */,
				83ECD4382514B02800FD08DB /* Model */,
				834469B425133BEA002BF2D0 /* Scene */,
				834469BD25135D77002BF2D0 /* Utils */,
			);
			path = MDNC;
			sourceTree = "<group>";
		};
		834469B425133BEA002BF2D0 /* Scene */ = {
			isa = PBXGroup;
			children = (
				834469C725136059002BF2D0 /* MDNC.storyboard */,
				834469BA25135D14002BF2D0 /* NCMainVC.swift */,
				83446AA825149D1B002BF2D0 /* NCCategoryVC.swift */,
				83A9F6D2251DE6700014A16D /* NCMenuVC.swift */,
			);
			path = Scene;
			sourceTree = "<group>";
		};
		834469B525133C21002BF2D0 /* Data */ = {
			isa = PBXGroup;
			children = (
				834469B125133B97002BF2D0 /* Menu.plist */,
			);
			name = Data;
			sourceTree = "<group>";
		};
		834469B625133C56002BF2D0 /* AppSupport */ = {
			isa = PBXGroup;
			children = (
				834469A525133A1F002BF2D0 /* LaunchScreen.storyboard */,
				8344699C25133A1E002BF2D0 /* SceneDelegate.swift */,
				8344699A25133A1E002BF2D0 /* AppDelegate.swift */,
			);
			path = AppSupport;
			sourceTree = "<group>";
		};
		834469BD25135D77002BF2D0 /* Utils */ = {
			isa = PBXGroup;
			children = (
				834469BF25135DAA002BF2D0 /* IBInspectable.swift */,
			);
			path = Utils;
			sourceTree = "<group>";
		};
		83ECD4382514B02800FD08DB /* Model */ = {
			isa = PBXGroup;
			children = (
				83ECD4392514B05600FD08DB /* MDNCModel.swift */,
			);
			name = Model;
			sourceTree = "<group>";
		};
/* End PBXGroup section */

/* Begin PBXNativeTarget section */
		8344699625133A1E002BF2D0 /* MDNC */ = {
			isa = PBXNativeTarget;
			buildConfigurationList = 834469AB25133A1F002BF2D0 /* Build configuration list for PBXNativeTarget "MDNC" */;
			buildPhases = (
				8344699325133A1E002BF2D0 /* Sources */,
				8344699425133A1E002BF2D0 /* Frameworks */,
				8344699525133A1E002BF2D0 /* Resources */,
			);
			buildRules = (
			);
			dependencies = (
			);
			name = MDNC;
			productName = MDNC;
			productReference = 8344699725133A1E002BF2D0 /* MDNC.app */;
			productType = "com.apple.product-type.application";
		};
/* End PBXNativeTarget section */

/* Begin PBXProject section */
		8344698F25133A1E002BF2D0 /* Project object */ = {
			isa = PBXProject;
			attributes = {
				CLASSPREFIX = NC;
				LastSwiftUpdateCheck = 1200;
				LastUpgradeCheck = 1200;
				ORGANIZATIONNAME = "";
				TargetAttributes = {
					8344699625133A1E002BF2D0 = {
						CreatedOnToolsVersion = 12.0;
					};
				};
			};
			buildConfigurationList = 8344699225133A1E002BF2D0 /* Build configuration list for PBXProject "MDNC" */;
			compatibilityVersion = "Xcode 9.3";
			developmentRegion = en;
			hasScannedForEncodings = 0;
			knownRegions = (
				en,
				Base,
			);
			mainGroup = 8344698E25133A1E002BF2D0;
			productRefGroup = 8344699825133A1E002BF2D0 /* Products */;
			projectDirPath = "";
			projectRoot = "";
			targets = (
				8344699625133A1E002BF2D0 /* MDNC */,
			);
		};
/* End PBXProject section */

/* Begin PBXResourcesBuildPhase section */
		8344699525133A1E002BF2D0 /* Resources */ = {
			isa = PBXResourcesBuildPhase;
			buildActionMask = 2147483647;
			files = (
				834469C925136059002BF2D0 /* MDNC.storyboard in Resources */,
				834469A725133A1F002BF2D0 /* LaunchScreen.storyboard in Resources */,
				834469B225133B97002BF2D0 /* Menu.plist in Resources */,
				834469A425133A1F002BF2D0 /* Assets.xcassets in Resources */,
			);
			runOnlyForDeploymentPostprocessing = 0;
		};
/* End PBXResourcesBuildPhase section */

/* Begin PBXSourcesBuildPhase section */
		8344699325133A1E002BF2D0 /* Sources */ = {
			isa = PBXSourcesBuildPhase;
			buildActionMask = 2147483647;
			files = (
				83A9F6D3251DE6700014A16D /* NCMenuVC.swift in Sources */,
				8344699B25133A1E002BF2D0 /* AppDelegate.swift in Sources */,
				8344699D25133A1E002BF2D0 /* SceneDelegate.swift in Sources */,
				834469BB25135D14002BF2D0 /* NCMainVC.swift in Sources */,
				834469C025135DAA002BF2D0 /* IBInspectable.swift in Sources */,
				83446AA925149D1B002BF2D0 /* NCCategoryVC.swift in Sources */,
				83ECD43A2514B05600FD08DB /* MDNCModel.swift in Sources */,
			);
			runOnlyForDeploymentPostprocessing = 0;
		};
/* End PBXSourcesBuildPhase section */

/* Begin PBXVariantGroup section */
		834469A525133A1F002BF2D0 /* LaunchScreen.storyboard */ = {
			isa = PBXVariantGroup;
			children = (
				834469A625133A1F002BF2D0 /* Base */,
			);
			name = LaunchScreen.storyboard;
			sourceTree = "<group>";
		};
		834469C725136059002BF2D0 /* MDNC.storyboard */ = {
			isa = PBXVariantGroup;
			children = (
				834469C825136059002BF2D0 /* Base */,
			);
			name = MDNC.storyboard;
			sourceTree = "<group>";
		};
/* End PBXVariantGroup section */

/* Begin XCBuildConfiguration section */
		834469A925133A1F002BF2D0 /* Debug */ = {
			isa = XCBuildConfiguration;
			buildSettings = {
				ALWAYS_SEARCH_USER_PATHS = NO;
				CLANG_ANALYZER_NONNULL = YES;
				CLANG_ANALYZER_NUMBER_OBJECT_CONVERSION = YES_AGGRESSIVE;
				CLANG_CXX_LANGUAGE_STANDARD = "gnu++14";
				CLANG_CXX_LIBRARY = "libc++";
				CLANG_ENABLE_MODULES = YES;
				CLANG_ENABLE_OBJC_ARC = YES;
				CLANG_ENABLE_OBJC_WEAK = YES;
				CLANG_WARN_BLOCK_CAPTURE_AUTORELEASING = YES;
				CLANG_WARN_BOOL_CONVERSION = YES;
				CLANG_WARN_COMMA = YES;
				CLANG_WARN_CONSTANT_CONVERSION = YES;
				CLANG_WARN_DEPRECATED_OBJC_IMPLEMENTATIONS = YES;
				CLANG_WARN_DIRECT_OBJC_ISA_USAGE = YES_ERROR;
				CLANG_WARN_DOCUMENTATION_COMMENTS = YES;
				CLANG_WARN_EMPTY_BODY = YES;
				CLANG_WARN_ENUM_CONVERSION = YES;
				CLANG_WARN_INFINITE_RECURSION = YES;
				CLANG_WARN_INT_CONVERSION = YES;
				CLANG_WARN_NON_LITERAL_NULL_CONVERSION = YES;
				CLANG_WARN_OBJC_IMPLICIT_RETAIN_SELF = YES;
				CLANG_WARN_OBJC_LITERAL_CONVERSION = YES;
				CLANG_WARN_OBJC_ROOT_CLASS = YES_ERROR;
				CLANG_WARN_QUOTED_INCLUDE_IN_FRAMEWORK_HEADER = YES;
				CLANG_WARN_RANGE_LOOP_ANALYSIS = YES;
				CLANG_WARN_STRICT_PROTOTYPES = YES;
				CLANG_WARN_SUSPICIOUS_MOVE = YES;
				CLANG_WARN_UNGUARDED_AVAILABILITY = YES_AGGRESSIVE;
				CLANG_WARN_UNREACHABLE_CODE = YES;
				CLANG_WARN__DUPLICATE_METHOD_MATCH = YES;
				COPY_PHASE_STRIP = NO;
				DEBUG_INFORMATION_FORMAT = dwarf;
				ENABLE_STRICT_OBJC_MSGSEND = YES;
				ENABLE_TESTABILITY = YES;
				GCC_C_LANGUAGE_STANDARD = gnu11;
				GCC_DYNAMIC_NO_PIC = NO;
				GCC_NO_COMMON_BLOCKS = YES;
				GCC_OPTIMIZATION_LEVEL = 0;
				GCC_PREPROCESSOR_DEFINITIONS = (
					"DEBUG=1",
					"$(inherited)",
				);
				GCC_WARN_64_TO_32_BIT_CONVERSION = YES;
				GCC_WARN_ABOUT_RETURN_TYPE = YES_ERROR;
				GCC_WARN_UNDECLARED_SELECTOR = YES;
				GCC_WARN_UNINITIALIZED_AUTOS = YES_AGGRESSIVE;
				GCC_WARN_UNUSED_FUNCTION = YES;
				GCC_WARN_UNUSED_VARIABLE = YES;
				IPHONEOS_DEPLOYMENT_TARGET = 14.0;
				MTL_ENABLE_DEBUG_INFO = INCLUDE_SOURCE;
				MTL_FAST_MATH = YES;
				ONLY_ACTIVE_ARCH = YES;
				SDKROOT = iphoneos;
				SWIFT_ACTIVE_COMPILATION_CONDITIONS = DEBUG;
				SWIFT_OPTIMIZATION_LEVEL = "-Onone";
			};
			name = Debug;
		};
		834469AA25133A1F002BF2D0 /* Release */ = {
			isa = XCBuildConfiguration;
			buildSettings = {
				ALWAYS_SEARCH_USER_PATHS = NO;
				CLANG_ANALYZER_NONNULL = YES;
				CLANG_ANALYZER_NUMBER_OBJECT_CONVERSION = YES_AGGRESSIVE;
				CLANG_CXX_LANGUAGE_STANDARD = "gnu++14";
				CLANG_CXX_LIBRARY = "libc++";
				CLANG_ENABLE_MODULES = YES;
				CLANG_ENABLE_OBJC_ARC = YES;
				CLANG_ENABLE_OBJC_WEAK = YES;
				CLANG_WARN_BLOCK_CAPTURE_AUTORELEASING = YES;
				CLANG_WARN_BOOL_CONVERSION = YES;
				CLANG_WARN_COMMA = YES;
				CLANG_WARN_CONSTANT_CONVERSION = YES;
				CLANG_WARN_DEPRECATED_OBJC_IMPLEMENTATIONS = YES;
				CLANG_WARN_DIRECT_OBJC_ISA_USAGE = YES_ERROR;
				CLANG_WARN_DOCUMENTATION_COMMENTS = YES;
				CLANG_WARN_EMPTY_BODY = YES;
				CLANG_WARN_ENUM_CONVERSION = YES;
				CLANG_WARN_INFINITE_RECURSION = YES;
				CLANG_WARN_INT_CONVERSION = YES;
				CLANG_WARN_NON_LITERAL_NULL_CONVERSION = YES;
				CLANG_WARN_OBJC_IMPLICIT_RETAIN_SELF = YES;
				CLANG_WARN_OBJC_LITERAL_CONVERSION = YES;
				CLANG_WARN_OBJC_ROOT_CLASS = YES_ERROR;
				CLANG_WARN_QUOTED_INCLUDE_IN_FRAMEWORK_HEADER = YES;
				CLANG_WARN_RANGE_LOOP_ANALYSIS = YES;
				CLANG_WARN_STRICT_PROTOTYPES = YES;
				CLANG_WARN_SUSPICIOUS_MOVE = YES;
				CLANG_WARN_UNGUARDED_AVAILABILITY = YES_AGGRESSIVE;
				CLANG_WARN_UNREACHABLE_CODE = YES;
				CLANG_WARN__DUPLICATE_METHOD_MATCH = YES;
				COPY_PHASE_STRIP = NO;
				DEBUG_INFORMATION_FORMAT = "dwarf-with-dsym";
				ENABLE_NS_ASSERTIONS = NO;
				ENABLE_STRICT_OBJC_MSGSEND = YES;
				GCC_C_LANGUAGE_STANDARD = gnu11;
				GCC_NO_COMMON_BLOCKS = YES;
				GCC_WARN_64_TO_32_BIT_CONVERSION = YES;
				GCC_WARN_ABOUT_RETURN_TYPE = YES_ERROR;
				GCC_WARN_UNDECLARED_SELECTOR = YES;
				GCC_WARN_UNINITIALIZED_AUTOS = YES_AGGRESSIVE;
				GCC_WARN_UNUSED_FUNCTION = YES;
				GCC_WARN_UNUSED_VARIABLE = YES;
				IPHONEOS_DEPLOYMENT_TARGET = 14.0;
				MTL_ENABLE_DEBUG_INFO = NO;
				MTL_FAST_MATH = YES;
				SDKROOT = iphoneos;
				SWIFT_COMPILATION_MODE = wholemodule;
				SWIFT_OPTIMIZATION_LEVEL = "-O";
				VALIDATE_PRODUCT = YES;
			};
			name = Release;
		};
		834469AC25133A1F002BF2D0 /* Debug */ = {
			isa = XCBuildConfiguration;
			buildSettings = {
				ASSETCATALOG_COMPILER_APPICON_NAME = AppIcon;
				ASSETCATALOG_COMPILER_GLOBAL_ACCENT_COLOR_NAME = AccentColor;
				CODE_SIGN_STYLE = Manual;
				DEVELOPMENT_TEAM = "";
				INFOPLIST_FILE = MDNC/Info.plist;
				LD_RUNPATH_SEARCH_PATHS = (
					"$(inherited)",
					"@executable_path/Frameworks",
				);
				PRODUCT_BUNDLE_IDENTIFIER = Mim0sa.MDNC;
				PRODUCT_NAME = "$(TARGET_NAME)";
				PROVISIONING_PROFILE_SPECIFIER = "";
				SWIFT_VERSION = 5.0;
				TARGETED_DEVICE_FAMILY = 1;
			};
			name = Debug;
		};
		834469AD25133A1F002BF2D0 /* Release */ = {
			isa = XCBuildConfiguration;
			buildSettings = {
				ASSETCATALOG_COMPILER_APPICON_NAME = AppIcon;
				ASSETCATALOG_COMPILER_GLOBAL_ACCENT_COLOR_NAME = AccentColor;
				CODE_SIGN_STYLE = Manual;
				DEVELOPMENT_TEAM = "";
				INFOPLIST_FILE = MDNC/Info.plist;
				LD_RUNPATH_SEARCH_PATHS = (
					"$(inherited)",
					"@executable_path/Frameworks",
				);
				PRODUCT_BUNDLE_IDENTIFIER = Mim0sa.MDNC;
				PRODUCT_NAME = "$(TARGET_NAME)";
				PROVISIONING_PROFILE_SPECIFIER = "";
				SWIFT_VERSION = 5.0;
				TARGETED_DEVICE_FAMILY = 1;
			};
			name = Release;
		};
/* End XCBuildConfiguration section */

/* Begin XCConfigurationList section */
		8344699225133A1E002BF2D0 /* Build configuration list for PBXProject "MDNC" */ = {
			isa = XCConfigurationList;
			buildConfigurations = (
				834469A925133A1F002BF2D0 /* Debug */,
				834469AA25133A1F002BF2D0 /* Release */,
			);
			defaultConfigurationIsVisible = 0;
			defaultConfigurationName = Release;
		};
		834469AB25133A1F002BF2D0 /* Build configuration list for PBXNativeTarget "MDNC" */ = {
			isa = XCConfigurationList;
			buildConfigurations = (
				834469AC25133A1F002BF2D0 /* Debug */,
				834469AD25133A1F002BF2D0 /* Release */,
			);
			defaultConfigurationIsVisible = 0;
			defaultConfigurationName = Release;
		};
/* End XCConfigurationList section */
	};
	rootObject = 8344698F25133A1E002BF2D0 /* Project object */;
}
