// !$*UTF8*$!
{
	archiveVersion = 1;
	classes = {
	};
	objectVersion = 50;
	objects = {

/* Begin PBXBuildFile section */
		1B444DF524D508AA00C1CC36 /* AppDelegate.swift in Sources */ = {isa = PBXBuildFile; fileRef = 1B444DF424D508AA00C1CC36 /* AppDelegate.swift */; };
		1B444DF724D508AA00C1CC36 /* SceneDelegate.swift in Sources */ = {isa = PBXBuildFile; fileRef = 1B444DF624D508AA00C1CC36 /* SceneDelegate.swift */; };
		1B444DF924D508AA00C1CC36 /* ViewController.swift in Sources */ = {isa = PBXBuildFile; fileRef = 1B444DF824D508AA00C1CC36 /* ViewController.swift */; };
		1B444DFC24D508AA00C1CC36 /* Main.storyboard in Resources */ = {isa = PBXBuildFile; fileRef = 1B444DFA24D508AA00C1CC36 /* Main.storyboard */; };
		1B444DFE24D508B000C1CC36 /* Assets.xcassets in Resources */ = {isa = PBXBuildFile; fileRef = 1B444DFD24D508B000C1CC36 /* Assets.xcassets */; };
		1B444E0124D508B000C1CC36 /* LaunchScreen.storyboard in Resources */ = {isa = PBXBuildFile; fileRef = 1B444DFF24D508B000C1CC36 /* LaunchScreen.storyboard */; };
		83645DF424D9280500F41618 /* Food.swift in Sources */ = {isa = PBXBuildFile; fileRef = 83645DF324D9280500F41618 /* Food.swift */; };
		83645DF624D92A7A00F41618 /* Nutrition.swift in Sources */ = {isa = PBXBuildFile; fileRef = 83645DF524D92A7A00F41618 /* Nutrition.swift */; };
		83645DF824D92D3B00F41618 /* Menu.swift in Sources */ = {isa = PBXBuildFile; fileRef = 83645DF724D92D3B00F41618 /* Menu.swift */; };
		83645DFA24D934EB00F41618 /* Foods.plist in Resources */ = {isa = PBXBuildFile; fileRef = 83645DF924D934EB00F41618 /* Foods.plist */; };
/* End PBXBuildFile section */

/* Begin PBXFileReference section */
		1B444DF124D508AA00C1CC36 /* Nutrition-Calculator.app */ = {isa = PBXFileReference; explicitFileType = wrapper.application; includeInIndex = 0; path = "Nutrition-Calculator.app"; sourceTree = BUILT_PRODUCTS_DIR; };
		1B444DF424D508AA00C1CC36 /* AppDelegate.swift */ = {isa = PBXFileReference; lastKnownFileType = sourcecode.swift; path = AppDelegate.swift; sourceTree = "<group>"; };
		1B444DF624D508AA00C1CC36 /* SceneDelegate.swift */ = {isa = PBXFileReference; lastKnownFileType = sourcecode.swift; path = SceneDelegate.swift; sourceTree = "<group>"; };
		1B444DF824D508AA00C1CC36 /* ViewController.swift */ = {isa = PBXFileReference; lastKnownFileType = sourcecode.swift; path = ViewController.swift; sourceTree = "<group>"; };
		1B444DFB24D508AA00C1CC36 /* Base */ = {isa = PBXFileReference; lastKnownFileType = file.storyboard; name = Base; path = Base.lproj/Main.storyboard; sourceTree = "<group>"; };
		1B444DFD24D508B000C1CC36 /* Assets.xcassets */ = {isa = PBXFileReference; lastKnownFileType = folder.assetcatalog; path = Assets.xcassets; sourceTree = "<group>"; };
		1B444E0024D508B000C1CC36 /* Base */ = {isa = PBXFileReference; lastKnownFileType = file.storyboard; name = Base; path = Base.lproj/LaunchScreen.storyboard; sourceTree = "<group>"; };
		1B444E0224D508B000C1CC36 /* Info.plist */ = {isa = PBXFileReference; lastKnownFileType = text.plist.xml; path = Info.plist; sourceTree = "<group>"; };
		83645DF324D9280500F41618 /* Food.swift */ = {isa = PBXFileReference; lastKnownFileType = sourcecode.swift; path = Food.swift; sourceTree = "<group>"; };
		83645DF524D92A7A00F41618 /* Nutrition.swift */ = {isa = PBXFileReference; lastKnownFileType = sourcecode.swift; path = Nutrition.swift; sourceTree = "<group>"; };
		83645DF724D92D3B00F41618 /* Menu.swift */ = {isa = PBXFileReference; lastKnownFileType = sourcecode.swift; path = Menu.swift; sourceTree = "<group>"; };
		83645DF924D934EB00F41618 /* Foods.plist */ = {isa = PBXFileReference; lastKnownFileType = text.plist.xml; path = Foods.plist; sourceTree = "<group>"; };
/* End PBXFileReference section */

/* Begin PBXFrameworksBuildPhase section */
		1B444DEE24D508AA00C1CC36 /* Frameworks */ = {
			isa = PBXFrameworksBuildPhase;
			buildActionMask = 2147483647;
			files = (
			);
			runOnlyForDeploymentPostprocessing = 0;
		};
/* End PBXFrameworksBuildPhase section */

/* Begin PBXGroup section */
		1B444DE824D508AA00C1CC36 = {
			isa = PBXGroup;
			children = (
				1B444DF324D508AA00C1CC36 /* Nutrition-Calculator */,
				1B444DF224D508AA00C1CC36 /* Products */,
			);
			sourceTree = "<group>";
		};
		1B444DF224D508AA00C1CC36 /* Products */ = {
			isa = PBXGroup;
			children = (
				1B444DF124D508AA00C1CC36 /* Nutrition-Calculator.app */,
			);
			name = Products;
			sourceTree = "<group>";
		};
		1B444DF324D508AA00C1CC36 /* Nutrition-Calculator */ = {
			isa = PBXGroup;
			children = (
				1B444E0224D508B000C1CC36 /* Info.plist */,
				1B444DFD24D508B000C1CC36 /* Assets.xcassets */,
				1B444E0924D509B100C1CC36 /* Scene */,
				83645DF224D927DD00F41618 /* Model */,
				1B444E0824D5099400C1CC36 /* Support */,
			);
			path = "Nutrition-Calculator";
			sourceTree = "<group>";
		};
		1B444E0824D5099400C1CC36 /* Support */ = {
			isa = PBXGroup;
			children = (
				1B444DF424D508AA00C1CC36 /* AppDelegate.swift */,
				1B444DF624D508AA00C1CC36 /* SceneDelegate.swift */,
				1B444DFF24D508B000C1CC36 /* LaunchScreen.storyboard */,
			);
			path = Support;
			sourceTree = "<group>";
		};
		1B444E0924D509B100C1CC36 /* Scene */ = {
			isa = PBXGroup;
			children = (
				1B444DFA24D508AA00C1CC36 /* Main.storyboard */,
				1B444DF824D508AA00C1CC36 /* ViewController.swift */,
			);
			path = Scene;
			sourceTree = "<group>";
		};
		83645DF224D927DD00F41618 /* Model */ = {
			isa = PBXGroup;
			children = (
				83645DF724D92D3B00F41618 /* Menu.swift */,
				83645DF324D9280500F41618 /* Food.swift */,
				83645DF524D92A7A00F41618 /* Nutrition.swift */,
				83645DF924D934EB00F41618 /* Foods.plist */,
			);
			path = Model;
			sourceTree = "<group>";
		};
/* End PBXGroup section */

/* Begin PBXNativeTarget section */
		1B444DF024D508AA00C1CC36 /* Nutrition-Calculator */ = {
			isa = PBXNativeTarget;
			buildConfigurationList = 1B444E0524D508B000C1CC36 /* Build configuration list for PBXNativeTarget "Nutrition-Calculator" */;
			buildPhases = (
				1B444DED24D508AA00C1CC36 /* Sources */,
				1B444DEE24D508AA00C1CC36 /* Frameworks */,
				1B444DEF24D508AA00C1CC36 /* Resources */,
			);
			buildRules = (
			);
			dependencies = (
			);
			name = "Nutrition-Calculator";
			productName = "Nutrition-Calculator";
			productReference = 1B444DF124D508AA00C1CC36 /* Nutrition-Calculator.app */;
			productType = "com.apple.product-type.application";
		};
/* End PBXNativeTarget section */

/* Begin PBXProject section */
		1B444DE924D508AA00C1CC36 /* Project object */ = {
			isa = PBXProject;
			attributes = {
				CLASSPREFIX = NC;
				LastSwiftUpdateCheck = 1160;
				LastUpgradeCheck = 1160;
				ORGANIZATIONNAME = "吉乞悠";
				TargetAttributes = {
					1B444DF024D508AA00C1CC36 = {
						CreatedOnToolsVersion = 11.6;
					};
				};
			};
			buildConfigurationList = 1B444DEC24D508AA00C1CC36 /* Build configuration list for PBXProject "Nutrition-Calculator" */;
			compatibilityVersion = "Xcode 9.3";
			developmentRegion = en;
			hasScannedForEncodings = 0;
			knownRegions = (
				en,
				Base,
			);
			mainGroup = 1B444DE824D508AA00C1CC36;
			productRefGroup = 1B444DF224D508AA00C1CC36 /* Products */;
			projectDirPath = "";
			projectRoot = "";
			targets = (
				1B444DF024D508AA00C1CC36 /* Nutrition-Calculator */,
			);
		};
/* End PBXProject section */

/* Begin PBXResourcesBuildPhase section */
		1B444DEF24D508AA00C1CC36 /* Resources */ = {
			isa = PBXResourcesBuildPhase;
			buildActionMask = 2147483647;
			files = (
				83645DFA24D934EB00F41618 /* Foods.plist in Resources */,
				1B444E0124D508B000C1CC36 /* LaunchScreen.storyboard in Resources */,
				1B444DFE24D508B000C1CC36 /* Assets.xcassets in Resources */,
				1B444DFC24D508AA00C1CC36 /* Main.storyboard in Resources */,
			);
			runOnlyForDeploymentPostprocessing = 0;
		};
/* End PBXResourcesBuildPhase section */

/* Begin PBXSourcesBuildPhase section */
		1B444DED24D508AA00C1CC36 /* Sources */ = {
			isa = PBXSourcesBuildPhase;
			buildActionMask = 2147483647;
			files = (
				83645DF824D92D3B00F41618 /* Menu.swift in Sources */,
				1B444DF924D508AA00C1CC36 /* ViewController.swift in Sources */,
				83645DF424D9280500F41618 /* Food.swift in Sources */,
				83645DF624D92A7A00F41618 /* Nutrition.swift in Sources */,
				1B444DF524D508AA00C1CC36 /* AppDelegate.swift in Sources */,
				1B444DF724D508AA00C1CC36 /* SceneDelegate.swift in Sources */,
			);
			runOnlyForDeploymentPostprocessing = 0;
		};
/* End PBXSourcesBuildPhase section */

/* Begin PBXVariantGroup section */
		1B444DFA24D508AA00C1CC36 /* Main.storyboard */ = {
			isa = PBXVariantGroup;
			children = (
				1B444DFB24D508AA00C1CC36 /* Base */,
			);
			name = Main.storyboard;
			sourceTree = "<group>";
		};
		1B444DFF24D508B000C1CC36 /* LaunchScreen.storyboard */ = {
			isa = PBXVariantGroup;
			children = (
				1B444E0024D508B000C1CC36 /* Base */,
			);
			name = LaunchScreen.storyboard;
			sourceTree = "<group>";
		};
/* End PBXVariantGroup section */

/* Begin XCBuildConfiguration section */
		1B444E0324D508B000C1CC36 /* Debug */ = {
			isa = XCBuildConfiguration;
			buildSettings = {
				ALWAYS_SEARCH_USER_PATHS = NO;
				CLANG_ANALYZER_NONNULL = YES;
				CLANG_ANALYZER_NUMBER_OBJECT_CONVERSION = YES_AGGRESSIVE;
				CLANG_CXX_LANGUAGE_STANDARD = "gnu++14";
				CLANG_CXX_LIBRARY = "libc++";
				CLANG_ENABLE_MODULES = YES;
				CLANG_ENABLE_OBJC_ARC = YES;
				CLANG_ENABLE_OBJC_WEAK = YES;
				CLANG_WARN_BLOCK_CAPTURE_AUTORELEASING = YES;
				CLANG_WARN_BOOL_CONVERSION = YES;
				CLANG_WARN_COMMA = YES;
				CLANG_WARN_CONSTANT_CONVERSION = YES;
				CLANG_WARN_DEPRECATED_OBJC_IMPLEMENTATIONS = YES;
				CLANG_WARN_DIRECT_OBJC_ISA_USAGE = YES_ERROR;
				CLANG_WARN_DOCUMENTATION_COMMENTS = YES;
				CLANG_WARN_EMPTY_BODY = YES;
				CLANG_WARN_ENUM_CONVERSION = YES;
				CLANG_WARN_INFINITE_RECURSION = YES;
				CLANG_WARN_INT_CONVERSION = YES;
				CLANG_WARN_NON_LITERAL_NULL_CONVERSION = YES;
				CLANG_WARN_OBJC_IMPLICIT_RETAIN_SELF = YES;
				CLANG_WARN_OBJC_LITERAL_CONVERSION = YES;
				CLANG_WARN_OBJC_ROOT_CLASS = YES_ERROR;
				CLANG_WARN_RANGE_LOOP_ANALYSIS = YES;
				CLANG_WARN_STRICT_PROTOTYPES = YES;
				CLANG_WARN_SUSPICIOUS_MOVE = YES;
				CLANG_WARN_UNGUARDED_AVAILABILITY = YES_AGGRESSIVE;
				CLANG_WARN_UNREACHABLE_CODE = YES;
				CLANG_WARN__DUPLICATE_METHOD_MATCH = YES;
				COPY_PHASE_STRIP = NO;
				DEBUG_INFORMATION_FORMAT = dwarf;
				ENABLE_STRICT_OBJC_MSGSEND = YES;
				ENABLE_TESTABILITY = YES;
				GCC_C_LANGUAGE_STANDARD = gnu11;
				GCC_DYNAMIC_NO_PIC = NO;
				GCC_NO_COMMON_BLOCKS = YES;
				GCC_OPTIMIZATION_LEVEL = 0;
				GCC_PREPROCESSOR_DEFINITIONS = (
					"DEBUG=1",
					"$(inherited)",
				);
				GCC_WARN_64_TO_32_BIT_CONVERSION = YES;
				GCC_WARN_ABOUT_RETURN_TYPE = YES_ERROR;
				GCC_WARN_UNDECLARED_SELECTOR = YES;
				GCC_WARN_UNINITIALIZED_AUTOS = YES_AGGRESSIVE;
				GCC_WARN_UNUSED_FUNCTION = YES;
				GCC_WARN_UNUSED_VARIABLE = YES;
				IPHONEOS_DEPLOYMENT_TARGET = 13.6;
				MTL_ENABLE_DEBUG_INFO = INCLUDE_SOURCE;
				MTL_FAST_MATH = YES;
				ONLY_ACTIVE_ARCH = YES;
				SDKROOT = iphoneos;
				SWIFT_ACTIVE_COMPILATION_CONDITIONS = DEBUG;
				SWIFT_OPTIMIZATION_LEVEL = "-Onone";
			};
			name = Debug;
		};
		1B444E0424D508B000C1CC36 /* Release */ = {
			isa = XCBuildConfiguration;
			buildSettings = {
				ALWAYS_SEARCH_USER_PATHS = NO;
				CLANG_ANALYZER_NONNULL = YES;
				CLANG_ANALYZER_NUMBER_OBJECT_CONVERSION = YES_AGGRESSIVE;
				CLANG_CXX_LANGUAGE_STANDARD = "gnu++14";
				CLANG_CXX_LIBRARY = "libc++";
				CLANG_ENABLE_MODULES = YES;
				CLANG_ENABLE_OBJC_ARC = YES;
				CLANG_ENABLE_OBJC_WEAK = YES;
				CLANG_WARN_BLOCK_CAPTURE_AUTORELEASING = YES;
				CLANG_WARN_BOOL_CONVERSION = YES;
				CLANG_WARN_COMMA = YES;
				CLANG_WARN_CONSTANT_CONVERSION = YES;
				CLANG_WARN_DEPRECATED_OBJC_IMPLEMENTATIONS = YES;
				CLANG_WARN_DIRECT_OBJC_ISA_USAGE = YES_ERROR;
				CLANG_WARN_DOCUMENTATION_COMMENTS = YES;
				CLANG_WARN_EMPTY_BODY = YES;
				CLANG_WARN_ENUM_CONVERSION = YES;
				CLANG_WARN_INFINITE_RECURSION = YES;
				CLANG_WARN_INT_CONVERSION = YES;
				CLANG_WARN_NON_LITERAL_NULL_CONVERSION = YES;
				CLANG_WARN_OBJC_IMPLICIT_RETAIN_SELF = YES;
				CLANG_WARN_OBJC_LITERAL_CONVERSION = YES;
				CLANG_WARN_OBJC_ROOT_CLASS = YES_ERROR;
				CLANG_WARN_RANGE_LOOP_ANALYSIS = YES;
				CLANG_WARN_STRICT_PROTOTYPES = YES;
				CLANG_WARN_SUSPICIOUS_MOVE = YES;
				CLANG_WARN_UNGUARDED_AVAILABILITY = YES_AGGRESSIVE;
				CLANG_WARN_UNREACHABLE_CODE = YES;
				CLANG_WARN__DUPLICATE_METHOD_MATCH = YES;
				COPY_PHASE_STRIP = NO;
				DEBUG_INFORMATION_FORMAT = "dwarf-with-dsym";
				ENABLE_NS_ASSERTIONS = NO;
				ENABLE_STRICT_OBJC_MSGSEND = YES;
				GCC_C_LANGUAGE_STANDARD = gnu11;
				GCC_NO_COMMON_BLOCKS = YES;
				GCC_WARN_64_TO_32_BIT_CONVERSION = YES;
				GCC_WARN_ABOUT_RETURN_TYPE = YES_ERROR;
				GCC_WARN_UNDECLARED_SELECTOR = YES;
				GCC_WARN_UNINITIALIZED_AUTOS = YES_AGGRESSIVE;
				GCC_WARN_UNUSED_FUNCTION = YES;
				GCC_WARN_UNUSED_VARIABLE = YES;
				IPHONEOS_DEPLOYMENT_TARGET = 13.6;
				MTL_ENABLE_DEBUG_INFO = NO;
				MTL_FAST_MATH = YES;
				SDKROOT = iphoneos;
				SWIFT_COMPILATION_MODE = wholemodule;
				SWIFT_OPTIMIZATION_LEVEL = "-O";
				VALIDATE_PRODUCT = YES;
			};
			name = Release;
		};
		1B444E0624D508B000C1CC36 /* Debug */ = {
			isa = XCBuildConfiguration;
			buildSettings = {
				ASSETCATALOG_COMPILER_APPICON_NAME = AppIcon;
				CODE_SIGN_STYLE = Automatic;
				DEVELOPMENT_TEAM = RSA8WT4A52;
				INFOPLIST_FILE = "Nutrition-Calculator/Info.plist";
				IPHONEOS_DEPLOYMENT_TARGET = 13.0;
				LD_RUNPATH_SEARCH_PATHS = (
					"$(inherited)",
					"@executable_path/Frameworks",
				);
				PRODUCT_BUNDLE_IDENTIFIER = "mimosa.Nutrition-Calculator";
				PRODUCT_NAME = "$(TARGET_NAME)";
				SWIFT_VERSION = 5.0;
				TARGETED_DEVICE_FAMILY = 1;
			};
			name = Debug;
		};
		1B444E0724D508B000C1CC36 /* Release */ = {
			isa = XCBuildConfiguration;
			buildSettings = {
				ASSETCATALOG_COMPILER_APPICON_NAME = AppIcon;
				CODE_SIGN_STYLE = Automatic;
				DEVELOPMENT_TEAM = RSA8WT4A52;
				INFOPLIST_FILE = "Nutrition-Calculator/Info.plist";
				IPHONEOS_DEPLOYMENT_TARGET = 13.0;
				LD_RUNPATH_SEARCH_PATHS = (
					"$(inherited)",
					"@executable_path/Frameworks",
				);
				PRODUCT_BUNDLE_IDENTIFIER = "mimosa.Nutrition-Calculator";
				PRODUCT_NAME = "$(TARGET_NAME)";
				SWIFT_VERSION = 5.0;
				TARGETED_DEVICE_FAMILY = 1;
			};
			name = Release;
		};
/* End XCBuildConfiguration section */

/* Begin XCConfigurationList section */
		1B444DEC24D508AA00C1CC36 /* Build configuration list for PBXProject "Nutrition-Calculator" */ = {
			isa = XCConfigurationList;
			buildConfigurations = (
				1B444E0324D508B000C1CC36 /* Debug */,
				1B444E0424D508B000C1CC36 /* Release */,
			);
			defaultConfigurationIsVisible = 0;
			defaultConfigurationName = Release;
		};
		1B444E0524D508B000C1CC36 /* Build configuration list for PBXNativeTarget "Nutrition-Calculator" */ = {
			isa = XCConfigurationList;
			buildConfigurations = (
				1B444E0624D508B000C1CC36 /* Debug */,
				1B444E0724D508B000C1CC36 /* Release */,
			);
			defaultConfigurationIsVisible = 0;
			defaultConfigurationName = Release;
		};
/* End XCConfigurationList section */
	};
	rootObject = 1B444DE924D508AA00C1CC36 /* Project object */;
}
